
Microsoft Visual Studio Solution File, Format Version 12.00
# Visual Studio Version 17
VisualStudioVersion = 17.14.37111.16 d17.14
MinimumVisualStudioVersion = 10.0.40219.1
Project("{FAE04EC0-301F-11D3-BF4B-00C04F79EFBC}") = "20260408", "20260408.csproj", "{44135B23-EDA7-4C83-B699-A999ADA724F1}"
EndProject
Global
	GlobalSection(SolutionConfigurationPlatforms) = preSolution
		Debug|Any CPU = Debug|Any CPU
		Release|Any CPU = Release|Any CPU
	EndGlobalSection
	GlobalSection(ProjectConfigurationPlatforms) = postSolution
		{44135B23-EDA7-4C83-B699-A999ADA724F1}.Debug|Any CPU.ActiveCfg = Debug|Any CPU
		{44135B23-EDA7-4C83-B699-A999ADA724F1}.Debug|Any CPU.Build.0 = Debug|Any CPU
		{44135B23-EDA7-4C83-B699-A999ADA724F1}.Release|Any CPU.ActiveCfg = Release|Any CPU
		{44135B23-EDA7-4C83-B699-A999ADA724F1}.Release|Any CPU.Build.0 = Release|Any CPU
	EndGlobalSection
	GlobalSection(SolutionProperties) = preSolution
		HideSolutionNode = FALSE
	EndGlobalSection
	GlobalSection(ExtensibilityGlobals) = postSolution
		SolutionGuid = {2EC66367-8612-40D7-849B-FC2340F1BC15}
	EndGlobalSection
EndGlobal
