
Microsoft Visual Studio Solution File, Format Version 12.00
# Visual Studio Version 17
VisualStudioVersion = 17.14.37328.6 d17.14
MinimumVisualStudioVersion = 10.0.40219.1
Project("{FAE04EC0-301F-11D3-BF4B-00C04F79EFBC}") = "20260610_WinForm", "20260610_WinForm.csproj", "{784F07B8-7FAB-4890-B656-EFD97BB45880}"
EndProject
Global
	GlobalSection(SolutionConfigurationPlatforms) = preSolution
		Debug|Any CPU = Debug|Any CPU
		Release|Any CPU = Release|Any CPU
	EndGlobalSection
	GlobalSection(ProjectConfigurationPlatforms) = postSolution
		{784F07B8-7FAB-4890-B656-EFD97BB45880}.Debug|Any CPU.ActiveCfg = Debug|Any CPU
		{784F07B8-7FAB-4890-B656-EFD97BB45880}.Debug|Any CPU.Build.0 = Debug|Any CPU
		{784F07B8-7FAB-4890-B656-EFD97BB45880}.Release|Any CPU.ActiveCfg = Release|Any CPU
		{784F07B8-7FAB-4890-B656-EFD97BB45880}.Release|Any CPU.Build.0 = Release|Any CPU
	EndGlobalSection
	GlobalSection(SolutionProperties) = preSolution
		HideSolutionNode = FALSE
	EndGlobalSection
	GlobalSection(ExtensibilityGlobals) = postSolution
		SolutionGuid = {4350D6EE-21AB-4666-A6CF-5B07E3D95903}
	EndGlobalSection
EndGlobal
