
Microsoft Visual Studio Solution File, Format Version 12.00
# Visual Studio Version 17
VisualStudioVersion = 17.14.37111.16 d17.14
MinimumVisualStudioVersion = 10.0.40219.1
Project("{FAE04EC0-301F-11D3-BF4B-00C04F79EFBC}") = "20260401 task", "20260401 task.csproj", "{C1C39A30-101D-498B-A256-AB9AE30B55A9}"
EndProject
Global
	GlobalSection(SolutionConfigurationPlatforms) = preSolution
		Debug|Any CPU = Debug|Any CPU
		Release|Any CPU = Release|Any CPU
	EndGlobalSection
	GlobalSection(ProjectConfigurationPlatforms) = postSolution
		{C1C39A30-101D-498B-A256-AB9AE30B55A9}.Debug|Any CPU.ActiveCfg = Debug|Any CPU
		{C1C39A30-101D-498B-A256-AB9AE30B55A9}.Debug|Any CPU.Build.0 = Debug|Any CPU
		{C1C39A30-101D-498B-A256-AB9AE30B55A9}.Release|Any CPU.ActiveCfg = Release|Any CPU
		{C1C39A30-101D-498B-A256-AB9AE30B55A9}.Release|Any CPU.Build.0 = Release|Any CPU
	EndGlobalSection
	GlobalSection(SolutionProperties) = preSolution
		HideSolutionNode = FALSE
	EndGlobalSection
	GlobalSection(ExtensibilityGlobals) = postSolution
		SolutionGuid = {611BC4E8-5F6F-40B8-8678-A7AD4CF76032}
	EndGlobalSection
EndGlobal
